// !$*UTF8*$!
{
	archiveVersion = 1;
	classes = {
	};
	objectVersion = 46;
	objects = {

/* Begin PBXBuildFile section */
		A76764B31BB568F4002A3A74 /* main.m in Sources */ = {isa = PBXBuildFile; fileRef = A76764B21BB568F4002A3A74 /* main.m */; };
		A76764B61BB568F4002A3A74 /* AppDelegate.m in Sources */ = {isa = PBXBuildFile; fileRef = A76764B51BB568F4002A3A74 /* AppDelegate.m */; };
		A76764B91BB568F4002A3A74 /* ViewController.m in Sources */ = {isa = PBXBuildFile; fileRef = A76764B81BB568F4002A3A74 /* ViewController.m */; };
		A76764BC1BB568F4002A3A74 /* Main.storyboard in Resources */ = {isa = PBXBuildFile; fileRef = A76764BA1BB568F4002A3A74 /* Main.storyboard */; };
		A76764BE1BB568F4002A3A74 /* Assets.xcassets in Resources */ = {isa = PBXBuildFile; fileRef = A76764BD1BB568F4002A3A74 /* Assets.xcassets */; };
		A76764C11BB568F4002A3A74 /* LaunchScreen.storyboard in Resources */ = {isa = PBXBuildFile; fileRef = A76764BF1BB568F4002A3A74 /* LaunchScreen.storyboard */; };
		A76764CC1BB568F4002A3A74 /* PVZTests.m in Sources */ = {isa = PBXBuildFile; fileRef = A76764CB1BB568F4002A3A74 /* PVZTests.m */; };
		A76764D71BB568F4002A3A74 /* PVZUITests.m in Sources */ = {isa = PBXBuildFile; fileRef = A76764D61BB568F4002A3A74 /* PVZUITests.m */; };
/* End PBXBuildFile section */

/* Begin PBXContainerItemProxy section */
		A76764C81BB568F4002A3A74 /* PBXContainerItemProxy */ = {
			isa = PBXContainerItemProxy;
			containerPortal = A76764A61BB568F4002A3A74 /* Project object */;
			proxyType = 1;
			remoteGlobalIDString = A76764AD1BB568F4002A3A74;
			remoteInfo = PVZ;
		};
		A76764D31BB568F4002A3A74 /* PBXContainerItemProxy */ = {
			isa = PBXContainerItemProxy;
			containerPortal = A76764A61BB568F4002A3A74 /* Project object */;
			proxyType = 1;
			remoteGlobalIDString = A76764AD1BB568F4002A3A74;
			remoteInfo = PVZ;
		};
/* End PBXContainerItemProxy section */

/* Begin PBXFileReference section */
		A76764AE1BB568F4002A3A74 /* PVZ.app */ = {isa = PBXFileReference; explicitFileType = wrapper.application; includeInIndex = 0; path = PVZ.app; sourceTree = BUILT_PRODUCTS_DIR; };
		A76764B21BB568F4002A3A74 /* main.m */ = {isa = PBXFileReference; lastKnownFileType = sourcecode.c.objc; path = main.m; sourceTree = "<group>"; };
		A76764B41BB568F4002A3A74 /* AppDelegate.h */ = {isa = PBXFileReference; lastKnownFileType = sourcecode.c.h; path = AppDelegate.h; sourceTree = "<group>"; };
		A76764B51BB568F4002A3A74 /* AppDelegate.m */ = {isa = PBXFileReference; lastKnownFileType = sourcecode.c.objc; path = AppDelegate.m; sourceTree = "<group>"; };
		A76764B71BB568F4002A3A74 /* ViewController.h */ = {isa = PBXFileReference; lastKnownFileType = sourcecode.c.h; path = ViewController.h; sourceTree = "<group>"; };
		A76764B81BB568F4002A3A74 /* ViewController.m */ = {isa = PBXFileReference; lastKnownFileType = sourcecode.c.objc; path = ViewController.m; sourceTree = "<group>"; };
		A76764BB1BB568F4002A3A74 /* Base */ = {isa = PBXFileReference; lastKnownFileType = file.storyboard; name = Base; path = Base.lproj/Main.storyboard; sourceTree = "<group>"; };
		A76764BD1BB568F4002A3A74 /* Assets.xcassets */ = {isa = PBXFileReference; lastKnownFileType = folder.assetcatalog; path = Assets.xcassets; sourceTree = "<group>"; };
		A76764C01BB568F4002A3A74 /* Base */ = {isa = PBXFileReference; lastKnownFileType = file.storyboard; name = Base; path = Base.lproj/LaunchScreen.storyboard; sourceTree = "<group>"; };
		A76764C21BB568F4002A3A74 /* Info.plist */ = {isa = PBXFileReference; lastKnownFileType = text.plist.xml; path = Info.plist; sourceTree = "<group>"; };
		A76764C71BB568F4002A3A74 /* PVZTests.xctest */ = {isa = PBXFileReference; explicitFileType = wrapper.cfbundle; includeInIndex = 0; path = PVZTests.xctest; sourceTree = BUILT_PRODUCTS_DIR; };
		A76764CB1BB568F4002A3A74 /* PVZTests.m */ = {isa = PBXFileReference; lastKnownFileType = sourcecode.c.objc; path = PVZTests.m; sourceTree = "<group>"; };
		A76764CD1BB568F4002A3A74 /* Info.plist */ = {isa = PBXFileReference; lastKnownFileType = text.plist.xml; path = Info.plist; sourceTree = "<group>"; };
		A76764D21BB568F4002A3A74 /* PVZUITests.xctest */ = {isa = PBXFileReference; explicitFileType = wrapper.cfbundle; includeInIndex = 0; path = PVZUITests.xctest; sourceTree = BUILT_PRODUCTS_DIR; };
		A76764D61BB568F4002A3A74 /* PVZUITests.m */ = {isa = PBXFileReference; lastKnownFileType = sourcecode.c.objc; path = PVZUITests.m; sourceTree = "<group>"; };
		A76764D81BB568F4002A3A74 /* Info.plist */ = {isa = PBXFileReference; lastKnownFileType = text.plist.xml; path = Info.plist; sourceTree = "<group>"; };
/* End PBXFileReference section */

/* Begin PBXFrameworksBuildPhase section */
		A76764AB1BB568F4002A3A74 /* Frameworks */ = {
			isa = PBXFrameworksBuildPhase;
			buildActionMask = 2147483647;
			files = (
			);
			runOnlyForDeploymentPostprocessing = 0;
		};
		A76764C41BB568F4002A3A74 /* Frameworks */ = {
			isa = PBXFrameworksBuildPhase;
			buildActionMask = 2147483647;
			files = (
			);
			runOnlyForDeploymentPostprocessing = 0;
		};
		A76764CF1BB568F4002A3A74 /* Frameworks */ = {
			isa = PBXFrameworksBuildPhase;
			buildActionMask = 2147483647;
			files = (
			);
			runOnlyForDeploymentPostprocessing = 0;
		};
/* End PBXFrameworksBuildPhase section */

/* Begin PBXGroup section */
		A76764A51BB568F4002A3A74 = {
			isa = PBXGroup;
			children = (
				A76764B01BB568F4002A3A74 /* PVZ */,
				A76764CA1BB568F4002A3A74 /* PVZTests */,
				A76764D51BB568F4002A3A74 /* PVZUITests */,
				A76764AF1BB568F4002A3A74 /* Products */,
			);
			sourceTree = "<group>";
		};
		A76764AF1BB568F4002A3A74 /* Products */ = {
			isa = PBXGroup;
			children = (
				A76764AE1BB568F4002A3A74 /* PVZ.app */,
				A76764C71BB568F4002A3A74 /* PVZTests.xctest */,
				A76764D21BB568F4002A3A74 /* PVZUITests.xctest */,
			);
			name = Products;
			sourceTree = "<group>";
		};
		A76764B01BB568F4002A3A74 /* PVZ */ = {
			isa = PBXGroup;
			children = (
				A76764B41BB568F4002A3A74 /* AppDelegate.h */,
				A76764B51BB568F4002A3A74 /* AppDelegate.m */,
				A76764B71BB568F4002A3A74 /* ViewController.h */,
				A76764B81BB568F4002A3A74 /* ViewController.m */,
				A76764BA1BB568F4002A3A74 /* Main.storyboard */,
				A76764BD1BB568F4002A3A74 /* Assets.xcassets */,
				A76764BF1BB568F4002A3A74 /* LaunchScreen.storyboard */,
				A76764C21BB568F4002A3A74 /* Info.plist */,
				A76764B11BB568F4002A3A74 /* Supporting Files */,
			);
			path = PVZ;
			sourceTree = "<group>";
		};
		A76764B11BB568F4002A3A74 /* Supporting Files */ = {
			isa = PBXGroup;
			children = (
				A76764B21BB568F4002A3A74 /* main.m */,
			);
			name = "Supporting Files";
			sourceTree = "<group>";
		};
		A76764CA1BB568F4002A3A74 /* PVZTests */ = {
			isa = PBXGroup;
			children = (
				A76764CB1BB568F4002A3A74 /* PVZTests.m */,
				A76764CD1BB568F4002A3A74 /* Info.plist */,
			);
			path = PVZTests;
			sourceTree = "<group>";
		};
		A76764D51BB568F4002A3A74 /* PVZUITests */ = {
			isa = PBXGroup;
			children = (
				A76764D61BB568F4002A3A74 /* PVZUITests.m */,
				A76764D81BB568F4002A3A74 /* Info.plist */,
			);
			path = PVZUITests;
			sourceTree = "<group>";
		};
/* End PBXGroup section */

/* Begin PBXNativeTarget section */
		A76764AD1BB568F4002A3A74 /* PVZ */ = {
			isa = PBXNativeTarget;
			buildConfigurationList = A76764DB1BB568F4002A3A74 /* Build configuration list for PBXNativeTarget "PVZ" */;
			buildPhases = (
				A76764AA1BB568F4002A3A74 /* Sources */,
				A76764AB1BB568F4002A3A74 /* Frameworks */,
				A76764AC1BB568F4002A3A74 /* Resources */,
			);
			buildRules = (
			);
			dependencies = (
			);
			name = PVZ;
			productName = PVZ;
			productReference = A76764AE1BB568F4002A3A74 /* PVZ.app */;
			productType = "com.apple.product-type.application";
		};
		A76764C61BB568F4002A3A74 /* PVZTests */ = {
			isa = PBXNativeTarget;
			buildConfigurationList = A76764DE1BB568F4002A3A74 /* Build configuration list for PBXNativeTarget "PVZTests" */;
			buildPhases = (
				A76764C31BB568F4002A3A74 /* Sources */,
				A76764C41BB568F4002A3A74 /* Frameworks */,
				A76764C51BB568F4002A3A74 /* Resources */,
			);
			buildRules = (
			);
			dependencies = (
				A76764C91BB568F4002A3A74 /* PBXTargetDependency */,
			);
			name = PVZTests;
			productName = PVZTests;
			productReference = A76764C71BB568F4002A3A74 /* PVZTests.xctest */;
			productType = "com.apple.product-type.bundle.unit-test";
		};
		A76764D11BB568F4002A3A74 /* PVZUITests */ = {
			isa = PBXNativeTarget;
			buildConfigurationList = A76764E11BB568F4002A3A74 /* Build configuration list for PBXNativeTarget "PVZUITests" */;
			buildPhases = (
				A76764CE1BB568F4002A3A74 /* Sources */,
				A76764CF1BB568F4002A3A74 /* Frameworks */,
				A76764D01BB568F4002A3A74 /* Resources */,
			);
			buildRules = (
			);
			dependencies = (
				A76764D41BB568F4002A3A74 /* PBXTargetDependency */,
			);
			name = PVZUITests;
			productName = PVZUITests;
			productReference = A76764D21BB568F4002A3A74 /* PVZUITests.xctest */;
			productType = "com.apple.product-type.bundle.ui-testing";
		};
/* End PBXNativeTarget section */

/* Begin PBXProject section */
		A76764A61BB568F4002A3A74 /* Project object */ = {
			isa = PBXProject;
			attributes = {
				LastUpgradeCheck = 0700;
				ORGANIZATIONNAME = ChanIan;
				TargetAttributes = {
					A76764AD1BB568F4002A3A74 = {
						CreatedOnToolsVersion = 7.0;
						DevelopmentTeam = ZA54QAYB93;
					};
					A76764C61BB568F4002A3A74 = {
						CreatedOnToolsVersion = 7.0;
						DevelopmentTeam = ZA54QAYB93;
						TestTargetID = A76764AD1BB568F4002A3A74;
					};
					A76764D11BB568F4002A3A74 = {
						CreatedOnToolsVersion = 7.0;
						DevelopmentTeam = ZA54QAYB93;
						TestTargetID = A76764AD1BB568F4002A3A74;
					};
				};
			};
			buildConfigurationList = A76764A91BB568F4002A3A74 /* Build configuration list for PBXProject "PVZ" */;
			compatibilityVersion = "Xcode 3.2";
			developmentRegion = English;
			hasScannedForEncodings = 0;
			knownRegions = (
				en,
				Base,
			);
			mainGroup = A76764A51BB568F4002A3A74;
			productRefGroup = A76764AF1BB568F4002A3A74 /* Products */;
			projectDirPath = "";
			projectRoot = "";
			targets = (
				A76764AD1BB568F4002A3A74 /* PVZ */,
				A76764C61BB568F4002A3A74 /* PVZTests */,
				A76764D11BB568F4002A3A74 /* PVZUITests */,
			);
		};
/* End PBXProject section */

/* Begin PBXResourcesBuildPhase section */
		A76764AC1BB568F4002A3A74 /* Resources */ = {
			isa = PBXResourcesBuildPhase;
			buildActionMask = 2147483647;
			files = (
				A76764C11BB568F4002A3A74 /* LaunchScreen.storyboard in Resources */,
				A76764BE1BB568F4002A3A74 /* Assets.xcassets in Resources */,
				A76764BC1BB568F4002A3A74 /* Main.storyboard in Resources */,
			);
			runOnlyForDeploymentPostprocessing = 0;
		};
		A76764C51BB568F4002A3A74 /* Resources */ = {
			isa = PBXResourcesBuildPhase;
			buildActionMask = 2147483647;
			files = (
			);
			runOnlyForDeploymentPostprocessing = 0;
		};
		A76764D01BB568F4002A3A74 /* Resources */ = {
			isa = PBXResourcesBuildPhase;
			buildActionMask = 2147483647;
			files = (
			);
			runOnlyForDeploymentPostprocessing = 0;
		};
/* End PBXResourcesBuildPhase section */

/* Begin PBXSourcesBuildPhase section */
		A76764AA1BB568F4002A3A74 /* Sources */ = {
			isa = PBXSourcesBuildPhase;
			buildActionMask = 2147483647;
			files = (
				A76764B91BB568F4002A3A74 /* ViewController.m in Sources */,
				A76764B61BB568F4002A3A74 /* AppDelegate.m in Sources */,
				A76764B31BB568F4002A3A74 /* main.m in Sources */,
			);
			runOnlyForDeploymentPostprocessing = 0;
		};
		A76764C31BB568F4002A3A74 /* Sources */ = {
			isa = PBXSourcesBuildPhase;
			buildActionMask = 2147483647;
			files = (
				A76764CC1BB568F4002A3A74 /* PVZTests.m in Sources */,
			);
			runOnlyForDeploymentPostprocessing = 0;
		};
		A76764CE1BB568F4002A3A74 /* Sources */ = {
			isa = PBXSourcesBuildPhase;
			buildActionMask = 2147483647;
			files = (
				A76764D71BB568F4002A3A74 /* PVZUITests.m in Sources */,
			);
			runOnlyForDeploymentPostprocessing = 0;
		};
/* End PBXSourcesBuildPhase section */

/* Begin PBXTargetDependency section */
		A76764C91BB568F4002A3A74 /* PBXTargetDependency */ = {
			isa = PBXTargetDependency;
			target = A76764AD1BB568F4002A3A74 /* PVZ */;
			targetProxy = A76764C81BB568F4002A3A74 /* PBXContainerItemProxy */;
		};
		A76764D41BB568F4002A3A74 /* PBXTargetDependency */ = {
			isa = PBXTargetDependency;
			target = A76764AD1BB568F4002A3A74 /* PVZ */;
			targetProxy = A76764D31BB568F4002A3A74 /* PBXContainerItemProxy */;
		};
/* End PBXTargetDependency section */

/* Begin PBXVariantGroup section */
		A76764BA1BB568F4002A3A74 /* Main.storyboard */ = {
			isa = PBXVariantGroup;
			children = (
				A76764BB1BB568F4002A3A74 /* Base */,
			);
			name = Main.storyboard;
			sourceTree = "<group>";
		};
		A76764BF1BB568F4002A3A74 /* LaunchScreen.storyboard */ = {
			isa = PBXVariantGroup;
			children = (
				A76764C01BB568F4002A3A74 /* Base */,
			);
			name = LaunchScreen.storyboard;
			sourceTree = "<group>";
		};
/* End PBXVariantGroup section */

/* Begin XCBuildConfiguration section */
		A76764D91BB568F4002A3A74 /* Debug */ = {
			isa = XCBuildConfiguration;
			buildSettings = {
				ALWAYS_SEARCH_USER_PATHS = NO;
				CLANG_CXX_LANGUAGE_STANDARD = "gnu++0x";
				CLANG_CXX_LIBRARY = "libc++";
				CLANG_ENABLE_MODULES = YES;
				CLANG_ENABLE_OBJC_ARC = YES;
				CLANG_WARN_BOOL_CONVERSION = YES;
				CLANG_WARN_CONSTANT_CONVERSION = YES;
				CLANG_WARN_DIRECT_OBJC_ISA_USAGE = YES_ERROR;
				CLANG_WARN_EMPTY_BODY = YES;
				CLANG_WARN_ENUM_CONVERSION = YES;
				CLANG_WARN_INT_CONVERSION = YES;
				CLANG_WARN_OBJC_ROOT_CLASS = YES_ERROR;
				CLANG_WARN_UNREACHABLE_CODE = YES;
				CLANG_WARN__DUPLICATE_METHOD_MATCH = YES;
				"CODE_SIGN_IDENTITY[sdk=iphoneos*]" = "iPhone Developer";
				COPY_PHASE_STRIP = NO;
				DEBUG_INFORMATION_FORMAT = dwarf;
				ENABLE_STRICT_OBJC_MSGSEND = YES;
				ENABLE_TESTABILITY = YES;
				GCC_C_LANGUAGE_STANDARD = gnu99;
				GCC_DYNAMIC_NO_PIC = NO;
				GCC_NO_COMMON_BLOCKS = YES;
				GCC_OPTIMIZATION_LEVEL = 0;
				GCC_PREPROCESSOR_DEFINITIONS = (
					"DEBUG=1",
					"$(inherited)",
				);
				GCC_WARN_64_TO_32_BIT_CONVERSION = YES;
				GCC_WARN_ABOUT_RETURN_TYPE = YES_ERROR;
				GCC_WARN_UNDECLARED_SELECTOR = YES;
				GCC_WARN_UNINITIALIZED_AUTOS = YES_AGGRESSIVE;
				GCC_WARN_UNUSED_FUNCTION = YES;
				GCC_WARN_UNUSED_VARIABLE = YES;
				IPHONEOS_DEPLOYMENT_TARGET = 9.0;
				MTL_ENABLE_DEBUG_INFO = YES;
				ONLY_ACTIVE_ARCH = YES;
				SDKROOT = iphoneos;
			};
			name = Debug;
		};
		A76764DA1BB568F4002A3A74 /* Release */ = {
			isa = XCBuildConfiguration;
			buildSettings = {
				ALWAYS_SEARCH_USER_PATHS = NO;
				CLANG_CXX_LANGUAGE_STANDARD = "gnu++0x";
				CLANG_CXX_LIBRARY = "libc++";
				CLANG_ENABLE_MODULES = YES;
				CLANG_ENABLE_OBJC_ARC = YES;
				CLANG_WARN_BOOL_CONVERSION = YES;
				CLANG_WARN_CONSTANT_CONVERSION = YES;
				CLANG_WARN_DIRECT_OBJC_ISA_USAGE = YES_ERROR;
				CLANG_WARN_EMPTY_BODY = YES;
				CLANG_WARN_ENUM_CONVERSION = YES;
				CLANG_WARN_INT_CONVERSION = YES;
				CLANG_WARN_OBJC_ROOT_CLASS = YES_ERROR;
				CLANG_WARN_UNREACHABLE_CODE = YES;
				CLANG_WARN__DUPLICATE_METHOD_MATCH = YES;
				"CODE_SIGN_IDENTITY[sdk=iphoneos*]" = "iPhone Developer";
				COPY_PHASE_STRIP = NO;
				DEBUG_INFORMATION_FORMAT = "dwarf-with-dsym";
				ENABLE_NS_ASSERTIONS = NO;
				ENABLE_STRICT_OBJC_MSGSEND = YES;
				GCC_C_LANGUAGE_STANDARD = gnu99;
				GCC_NO_COMMON_BLOCKS = YES;
				GCC_WARN_64_TO_32_BIT_CONVERSION = YES;
				GCC_WARN_ABOUT_RETURN_TYPE = YES_ERROR;
				GCC_WARN_UNDECLARED_SELECTOR = YES;
				GCC_WARN_UNINITIALIZED_AUTOS = YES_AGGRESSIVE;
				GCC_WARN_UNUSED_FUNCTION = YES;
				GCC_WARN_UNUSED_VARIABLE = YES;
				IPHONEOS_DEPLOYMENT_TARGET = 9.0;
				MTL_ENABLE_DEBUG_INFO = NO;
				SDKROOT = iphoneos;
				VALIDATE_PRODUCT = YES;
			};
			name = Release;
		};
		A76764DC1BB568F4002A3A74 /* Debug */ = {
			isa = XCBuildConfiguration;
			buildSettings = {
				ASSETCATALOG_COMPILER_APPICON_NAME = AppIcon;
				INFOPLIST_FILE = PVZ/Info.plist;
				LD_RUNPATH_SEARCH_PATHS = "$(inherited) @executable_path/Frameworks";
				PRODUCT_BUNDLE_IDENTIFIER = cn.ian.PVZ;
				PRODUCT_NAME = "$(TARGET_NAME)";
			};
			name = Debug;
		};
		A76764DD1BB568F4002A3A74 /* Release */ = {
			isa = XCBuildConfiguration;
			buildSettings = {
				ASSETCATALOG_COMPILER_APPICON_NAME = AppIcon;
				INFOPLIST_FILE = PVZ/Info.plist;
				LD_RUNPATH_SEARCH_PATHS = "$(inherited) @executable_path/Frameworks";
				PRODUCT_BUNDLE_IDENTIFIER = cn.ian.PVZ;
				PRODUCT_NAME = "$(TARGET_NAME)";
			};
			name = Release;
		};
		A76764DF1BB568F4002A3A74 /* Debug */ = {
			isa = XCBuildConfiguration;
			buildSettings = {
				BUNDLE_LOADER = "$(TEST_HOST)";
				INFOPLIST_FILE = PVZTests/Info.plist;
				LD_RUNPATH_SEARCH_PATHS = "$(inherited) @executable_path/Frameworks @loader_path/Frameworks";
				PRODUCT_BUNDLE_IDENTIFIER = cn.ian.PVZTests;
				PRODUCT_NAME = "$(TARGET_NAME)";
				TEST_HOST = "$(BUILT_PRODUCTS_DIR)/PVZ.app/PVZ";
			};
			name = Debug;
		};
		A76764E01BB568F4002A3A74 /* Release */ = {
			isa = XCBuildConfiguration;
			buildSettings = {
				BUNDLE_LOADER = "$(TEST_HOST)";
				INFOPLIST_FILE = PVZTests/Info.plist;
				LD_RUNPATH_SEARCH_PATHS = "$(inherited) @executable_path/Frameworks @loader_path/Frameworks";
				PRODUCT_BUNDLE_IDENTIFIER = cn.ian.PVZTests;
				PRODUCT_NAME = "$(TARGET_NAME)";
				TEST_HOST = "$(BUILT_PRODUCTS_DIR)/PVZ.app/PVZ";
			};
			name = Release;
		};
		A76764E21BB568F4002A3A74 /* Debug */ = {
			isa = XCBuildConfiguration;
			buildSettings = {
				INFOPLIST_FILE = PVZUITests/Info.plist;
				LD_RUNPATH_SEARCH_PATHS = "$(inherited) @executable_path/Frameworks @loader_path/Frameworks";
				PRODUCT_BUNDLE_IDENTIFIER = cn.ian.PVZUITests;
				PRODUCT_NAME = "$(TARGET_NAME)";
				TEST_TARGET_NAME = PVZ;
				USES_XCTRUNNER = YES;
			};
			name = Debug;
		};
		A76764E31BB568F4002A3A74 /* Release */ = {
			isa = XCBuildConfiguration;
			buildSettings = {
				INFOPLIST_FILE = PVZUITests/Info.plist;
				LD_RUNPATH_SEARCH_PATHS = "$(inherited) @executable_path/Frameworks @loader_path/Frameworks";
				PRODUCT_BUNDLE_IDENTIFIER = cn.ian.PVZUITests;
				PRODUCT_NAME = "$(TARGET_NAME)";
				TEST_TARGET_NAME = PVZ;
				USES_XCTRUNNER = YES;
			};
			name = Release;
		};
/* End XCBuildConfiguration section */

/* Begin XCConfigurationList section */
		A76764A91BB568F4002A3A74 /* Build configuration list for PBXProject "PVZ" */ = {
			isa = XCConfigurationList;
			buildConfigurations = (
				A76764D91BB568F4002A3A74 /* Debug */,
				A76764DA1BB568F4002A3A74 /* Release */,
			);
			defaultConfigurationIsVisible = 0;
			defaultConfigurationName = Release;
		};
		A76764DB1BB568F4002A3A74 /* Build configuration list for PBXNativeTarget "PVZ" */ = {
			isa = XCConfigurationList;
			buildConfigurations = (
				A76764DC1BB568F4002A3A74 /* Debug */,
				A76764DD1BB568F4002A3A74 /* Release */,
			);
			defaultConfigurationIsVisible = 0;
		};
		A76764DE1BB568F4002A3A74 /* Build configuration list for PBXNativeTarget "PVZTests" */ = {
			isa = XCConfigurationList;
			buildConfigurations = (
				A76764DF1BB568F4002A3A74 /* Debug */,
				A76764E01BB568F4002A3A74 /* Release */,
			);
			defaultConfigurationIsVisible = 0;
		};
		A76764E11BB568F4002A3A74 /* Build configuration list for PBXNativeTarget "PVZUITests" */ = {
			isa = XCConfigurationList;
			buildConfigurations = (
				A76764E21BB568F4002A3A74 /* Debug */,
				A76764E31BB568F4002A3A74 /* Release */,
			);
			defaultConfigurationIsVisible = 0;
		};
/* End XCConfigurationList section */
	};
	rootObject = A76764A61BB568F4002A3A74 /* Project object */;
}
